[[package]]
name = "cc"
version = "1.0.5"
source = "registry+https://github.com/rust-lang/crates.io-index"

[[package]]
name = "rust-c"
version = "0.1.0"
dependencies = [
 "cc 1.0.5 (registry+https://github.com/rust-lang/crates.io-index)",
]

[metadata]
"checksum cc 1.0.5 (registry+https://github.com/rust-lang/crates.io-index)" = "9be26b24e988625409b19736d130f0c7d224f01d06454b5f81d8d23d6c1a618f"
